
Microsoft Visual Studio Solution File, Format Version 12.00
# Visual Studio Version 17
VisualStudioVersion = 17.3.32825.248
MinimumVisualStudioVersion = 10.0.40219.1
Project("{9A19103F-16F7-4668-BE54-9A1E7A4F7556}") = "PneumaticWeb", "PneumaticWeb\PneumaticWeb.csproj", "{80524788-8A68-411E-BC2E-43374D3F4B1E}"
EndProject
Project("{FAE04EC0-301F-11D3-BF4B-00C04F79EFBC}") = "Pneumatic.Models", "Pneumatic.Models\Pneumatic.Models.csproj", "{1EA4D3C8-AD71-4A2E-8421-60C174C0F552}"
EndProject
Project("{FAE04EC0-301F-11D3-BF4B-00C04F79EFBC}") = "Pneumatic.DataAccess", "Pneumatic.DataAccess\Pneumatic.DataAccess.csproj", "{CE13E791-B1B8-4274-BA5C-AAAA384DEA59}"
EndProject
Project("{FAE04EC0-301F-11D3-BF4B-00C04F79EFBC}") = "Pneumatic.Utility", "Pneumatic.Utility\Pneumatic.Utility.csproj", "{D84FA9F9-CC22-4E37-BD1B-54C8FEB055AB}"
EndProject
Global
	GlobalSection(SolutionConfigurationPlatforms) = preSolution
		Debug|Any CPU = Debug|Any CPU
		Release|Any CPU = Release|Any CPU
	EndGlobalSection
	GlobalSection(ProjectConfigurationPlatforms) = postSolution
		{80524788-8A68-411E-BC2E-43374D3F4B1E}.Debug|Any CPU.ActiveCfg = Debug|Any CPU
		{80524788-8A68-411E-BC2E-43374D3F4B1E}.Debug|Any CPU.Build.0 = Debug|Any CPU
		{80524788-8A68-411E-BC2E-43374D3F4B1E}.Release|Any CPU.ActiveCfg = Release|Any CPU
		{80524788-8A68-411E-BC2E-43374D3F4B1E}.Release|Any CPU.Build.0 = Release|Any CPU
		{1EA4D3C8-AD71-4A2E-8421-60C174C0F552}.Debug|Any CPU.ActiveCfg = Debug|Any CPU
		{1EA4D3C8-AD71-4A2E-8421-60C174C0F552}.Debug|Any CPU.Build.0 = Debug|Any CPU
		{1EA4D3C8-AD71-4A2E-8421-60C174C0F552}.Release|Any CPU.ActiveCfg = Release|Any CPU
		{1EA4D3C8-AD71-4A2E-8421-60C174C0F552}.Release|Any CPU.Build.0 = Release|Any CPU
		{CE13E791-B1B8-4274-BA5C-AAAA384DEA59}.Debug|Any CPU.ActiveCfg = Debug|Any CPU
		{CE13E791-B1B8-4274-BA5C-AAAA384DEA59}.Debug|Any CPU.Build.0 = Debug|Any CPU
		{CE13E791-B1B8-4274-BA5C-AAAA384DEA59}.Release|Any CPU.ActiveCfg = Release|Any CPU
		{CE13E791-B1B8-4274-BA5C-AAAA384DEA59}.Release|Any CPU.Build.0 = Release|Any CPU
		{D84FA9F9-CC22-4E37-BD1B-54C8FEB055AB}.Debug|Any CPU.ActiveCfg = Debug|Any CPU
		{D84FA9F9-CC22-4E37-BD1B-54C8FEB055AB}.Debug|Any CPU.Build.0 = Debug|Any CPU
		{D84FA9F9-CC22-4E37-BD1B-54C8FEB055AB}.Release|Any CPU.ActiveCfg = Release|Any CPU
		{D84FA9F9-CC22-4E37-BD1B-54C8FEB055AB}.Release|Any CPU.Build.0 = Release|Any CPU
	EndGlobalSection
	GlobalSection(SolutionProperties) = preSolution
		HideSolutionNode = FALSE
	EndGlobalSection
	GlobalSection(ExtensibilityGlobals) = postSolution
		SolutionGuid = {C810FE0A-0BCB-4A76-8CC0-8878AFE7F95A}
	EndGlobalSection
EndGlobal
